// !$*UTF8*$!
{
	archiveVersion = 1;
	classes = {
	};
	objectVersion = 50;
	objects = {

/* Begin PBXBuildFile section */
		CAC999702624BD4700ECE04F /* main.cpp in Sources */ = {isa = PBXBuildFile; fileRef = CAC9996F2624BD4700ECE04F /* main.cpp */; };
/* End PBXBuildFile section */

/* Begin PBXCopyFilesBuildPhase section */
		CAC9996A2624BD4700ECE04F /* CopyFiles */ = {
			isa = PBXCopyFilesBuildPhase;
			buildActionMask = 2147483647;
			dstPath = /usr/share/man/man1/;
			dstSubfolderSpec = 0;
			files = (
			);
			runOnlyForDeploymentPostprocessing = 1;
		};
/* End PBXCopyFilesBuildPhase section */

/* Begin PBXFileReference section */
		CA8CB3F72627BDA600421626 /* BankAccount.h */ = {isa = PBXFileReference; lastKnownFileType = sourcecode.c.h; path = BankAccount.h; sourceTree = "<group>"; };
		CA8CB3F92627D36A00421626 /* ServiceChargeChecking.h */ = {isa = PBXFileReference; lastKnownFileType = sourcecode.c.h; path = ServiceChargeChecking.h; sourceTree = "<group>"; };
		CA8CB3FA2627D37D00421626 /* NoServiceChargeChecking.h */ = {isa = PBXFileReference; lastKnownFileType = sourcecode.c.h; path = NoServiceChargeChecking.h; sourceTree = "<group>"; };
		CA8CB3FC2627D3C000421626 /* HighInterestChecking.h */ = {isa = PBXFileReference; lastKnownFileType = sourcecode.c.h; path = HighInterestChecking.h; sourceTree = "<group>"; };
		CA8CB3FD2627D3F900421626 /* HighInterestSavings.h */ = {isa = PBXFileReference; lastKnownFileType = sourcecode.c.h; path = HighInterestSavings.h; sourceTree = "<group>"; };
		CAC9996C2624BD4700ECE04F /* CSC project */ = {isa = PBXFileReference; explicitFileType = "compiled.mach-o.executable"; includeInIndex = 0; path = "CSC project"; sourceTree = BUILT_PRODUCTS_DIR; };
		CAC9996F2624BD4700ECE04F /* main.cpp */ = {isa = PBXFileReference; lastKnownFileType = sourcecode.cpp.cpp; path = main.cpp; sourceTree = "<group>"; };
		CAC999772624BE4A00ECE04F /* CheckingAccount.h */ = {isa = PBXFileReference; lastKnownFileType = sourcecode.c.h; path = CheckingAccount.h; sourceTree = "<group>"; };
		CAC999782624BE5400ECE04F /* CD.h */ = {isa = PBXFileReference; lastKnownFileType = sourcecode.c.h; path = CD.h; sourceTree = "<group>"; };
		CAC999792624BE6400ECE04F /* SavingsAccount.h */ = {isa = PBXFileReference; lastKnownFileType = sourcecode.c.h; path = SavingsAccount.h; sourceTree = "<group>"; };
/* End PBXFileReference section */

/* Begin PBXFrameworksBuildPhase section */
		CAC999692624BD4700ECE04F /* Frameworks */ = {
			isa = PBXFrameworksBuildPhase;
			buildActionMask = 2147483647;
			files = (
			);
			runOnlyForDeploymentPostprocessing = 0;
		};
/* End PBXFrameworksBuildPhase section */

/* Begin PBXGroup section */
		CA8CB3F82627D1A400421626 /* Header */ = {
			isa = PBXGroup;
			children = (
				CAC999772624BE4A00ECE04F /* CheckingAccount.h */,
				CA8CB3FB2627D38400421626 /* Sub Checking Account */,
				CAC999792624BE6400ECE04F /* SavingsAccount.h */,
				CA8CB3FE2627D40A00421626 /* Sub Savings Account */,
				CAC999782624BE5400ECE04F /* CD.h */,
			);
			path = Header;
			sourceTree = "<group>";
		};
		CA8CB3FB2627D38400421626 /* Sub Checking Account */ = {
			isa = PBXGroup;
			children = (
				CA8CB3F92627D36A00421626 /* ServiceChargeChecking.h */,
				CA8CB3FA2627D37D00421626 /* NoServiceChargeChecking.h */,
				CA8CB3FC2627D3C000421626 /* HighInterestChecking.h */,
			);
			path = "Sub Checking Account";
			sourceTree = "<group>";
		};
		CA8CB3FE2627D40A00421626 /* Sub Savings Account */ = {
			isa = PBXGroup;
			children = (
				CA8CB3FD2627D3F900421626 /* HighInterestSavings.h */,
			);
			path = "Sub Savings Account";
			sourceTree = "<group>";
		};
		CAC999632624BD4700ECE04F = {
			isa = PBXGroup;
			children = (
				CAC9996E2624BD4700ECE04F /* CSC project */,
				CAC9996D2624BD4700ECE04F /* Products */,
			);
			sourceTree = "<group>";
		};
		CAC9996D2624BD4700ECE04F /* Products */ = {
			isa = PBXGroup;
			children = (
				CAC9996C2624BD4700ECE04F /* CSC project */,
			);
			name = Products;
			sourceTree = "<group>";
		};
		CAC9996E2624BD4700ECE04F /* CSC project */ = {
			isa = PBXGroup;
			children = (
				CAC9996F2624BD4700ECE04F /* main.cpp */,
				CA8CB3F72627BDA600421626 /* BankAccount.h */,
				CA8CB3F82627D1A400421626 /* Header */,
			);
			path = "CSC project";
			sourceTree = "<group>";
		};
/* End PBXGroup section */

/* Begin PBXNativeTarget section */
		CAC9996B2624BD4700ECE04F /* CSC project */ = {
			isa = PBXNativeTarget;
			buildConfigurationList = CAC999732624BD4700ECE04F /* Build configuration list for PBXNativeTarget "CSC project" */;
			buildPhases = (
				CAC999682624BD4700ECE04F /* Sources */,
				CAC999692624BD4700ECE04F /* Frameworks */,
				CAC9996A2624BD4700ECE04F /* CopyFiles */,
			);
			buildRules = (
			);
			dependencies = (
			);
			name = "CSC project";
			productName = "CSC project";
			productReference = CAC9996C2624BD4700ECE04F /* CSC project */;
			productType = "com.apple.product-type.tool";
		};
/* End PBXNativeTarget section */

/* Begin PBXProject section */
		CAC999642624BD4700ECE04F /* Project object */ = {
			isa = PBXProject;
			attributes = {
				LastUpgradeCheck = 1240;
				TargetAttributes = {
					CAC9996B2624BD4700ECE04F = {
						CreatedOnToolsVersion = 12.4;
					};
				};
			};
			buildConfigurationList = CAC999672624BD4700ECE04F /* Build configuration list for PBXProject "CSC project" */;
			compatibilityVersion = "Xcode 9.3";
			developmentRegion = en;
			hasScannedForEncodings = 0;
			knownRegions = (
				en,
				Base,
			);
			mainGroup = CAC999632624BD4700ECE04F;
			productRefGroup = CAC9996D2624BD4700ECE04F /* Products */;
			projectDirPath = "";
			projectRoot = "";
			targets = (
				CAC9996B2624BD4700ECE04F /* CSC project */,
			);
		};
/* End PBXProject section */

/* Begin PBXSourcesBuildPhase section */
		CAC999682624BD4700ECE04F /* Sources */ = {
			isa = PBXSourcesBuildPhase;
			buildActionMask = 2147483647;
			files = (
				CAC999702624BD4700ECE04F /* main.cpp in Sources */,
			);
			runOnlyForDeploymentPostprocessing = 0;
		};
/* End PBXSourcesBuildPhase section */

/* Begin XCBuildConfiguration section */
		CAC999712624BD4700ECE04F /* Debug */ = {
			isa = XCBuildConfiguration;
			buildSettings = {
				ALWAYS_SEARCH_USER_PATHS = NO;
				CLANG_ANALYZER_NONNULL = YES;
				CLANG_ANALYZER_NUMBER_OBJECT_CONVERSION = YES_AGGRESSIVE;
				CLANG_CXX_LANGUAGE_STANDARD = "gnu++14";
				CLANG_CXX_LIBRARY = "libc++";
				CLANG_ENABLE_MODULES = YES;
				CLANG_ENABLE_OBJC_ARC = YES;
				CLANG_ENABLE_OBJC_WEAK = YES;
				CLANG_WARN_BLOCK_CAPTURE_AUTORELEASING = YES;
				CLANG_WARN_BOOL_CONVERSION = YES;
				CLANG_WARN_COMMA = YES;
				CLANG_WARN_CONSTANT_CONVERSION = YES;
				CLANG_WARN_DEPRECATED_OBJC_IMPLEMENTATIONS = YES;
				CLANG_WARN_DIRECT_OBJC_ISA_USAGE = YES_ERROR;
				CLANG_WARN_DOCUMENTATION_COMMENTS = YES;
				CLANG_WARN_EMPTY_BODY = YES;
				CLANG_WARN_ENUM_CONVERSION = YES;
				CLANG_WARN_INFINITE_RECURSION = YES;
				CLANG_WARN_INT_CONVERSION = YES;
				CLANG_WARN_NON_LITERAL_NULL_CONVERSION = YES;
				CLANG_WARN_OBJC_IMPLICIT_RETAIN_SELF = YES;
				CLANG_WARN_OBJC_LITERAL_CONVERSION = YES;
				CLANG_WARN_OBJC_ROOT_CLASS = YES_ERROR;
				CLANG_WARN_QUOTED_INCLUDE_IN_FRAMEWORK_HEADER = YES;
				CLANG_WARN_RANGE_LOOP_ANALYSIS = YES;
				CLANG_WARN_STRICT_PROTOTYPES = YES;
				CLANG_WARN_SUSPICIOUS_MOVE = YES;
				CLANG_WARN_UNGUARDED_AVAILABILITY = YES_AGGRESSIVE;
				CLANG_WARN_UNREACHABLE_CODE = YES;
				CLANG_WARN__DUPLICATE_METHOD_MATCH = YES;
				COPY_PHASE_STRIP = NO;
				DEBUG_INFORMATION_FORMAT = dwarf;
				ENABLE_STRICT_OBJC_MSGSEND = YES;
				ENABLE_TESTABILITY = YES;
				GCC_C_LANGUAGE_STANDARD = gnu11;
				GCC_DYNAMIC_NO_PIC = NO;
				GCC_NO_COMMON_BLOCKS = YES;
				GCC_OPTIMIZATION_LEVEL = 0;
				GCC_PREPROCESSOR_DEFINITIONS = (
					"DEBUG=1",
					"$(inherited)",
				);
				GCC_WARN_64_TO_32_BIT_CONVERSION = YES;
				GCC_WARN_ABOUT_RETURN_TYPE = YES_ERROR;
				GCC_WARN_UNDECLARED_SELECTOR = YES;
				GCC_WARN_UNINITIALIZED_AUTOS = YES_AGGRESSIVE;
				GCC_WARN_UNUSED_FUNCTION = YES;
				GCC_WARN_UNUSED_VARIABLE = YES;
				MACOSX_DEPLOYMENT_TARGET = 11.1;
				MTL_ENABLE_DEBUG_INFO = INCLUDE_SOURCE;
				MTL_FAST_MATH = YES;
				ONLY_ACTIVE_ARCH = YES;
				SDKROOT = macosx;
			};
			name = Debug;
		};
		CAC999722624BD4700ECE04F /* Release */ = {
			isa = XCBuildConfiguration;
			buildSettings = {
				ALWAYS_SEARCH_USER_PATHS = NO;
				CLANG_ANALYZER_NONNULL = YES;
				CLANG_ANALYZER_NUMBER_OBJECT_CONVERSION = YES_AGGRESSIVE;
				CLANG_CXX_LANGUAGE_STANDARD = "gnu++14";
				CLANG_CXX_LIBRARY = "libc++";
				CLANG_ENABLE_MODULES = YES;
				CLANG_ENABLE_OBJC_ARC = YES;
				CLANG_ENABLE_OBJC_WEAK = YES;
				CLANG_WARN_BLOCK_CAPTURE_AUTORELEASING = YES;
				CLANG_WARN_BOOL_CONVERSION = YES;
				CLANG_WARN_COMMA = YES;
				CLANG_WARN_CONSTANT_CONVERSION = YES;
				CLANG_WARN_DEPRECATED_OBJC_IMPLEMENTATIONS = YES;
				CLANG_WARN_DIRECT_OBJC_ISA_USAGE = YES_ERROR;
				CLANG_WARN_DOCUMENTATION_COMMENTS = YES;
				CLANG_WARN_EMPTY_BODY = YES;
				CLANG_WARN_ENUM_CONVERSION = YES;
				CLANG_WARN_INFINITE_RECURSION = YES;
				CLANG_WARN_INT_CONVERSION = YES;
				CLANG_WARN_NON_LITERAL_NULL_CONVERSION = YES;
				CLANG_WARN_OBJC_IMPLICIT_RETAIN_SELF = YES;
				CLANG_WARN_OBJC_LITERAL_CONVERSION = YES;
				CLANG_WARN_OBJC_ROOT_CLASS = YES_ERROR;
				CLANG_WARN_QUOTED_INCLUDE_IN_FRAMEWORK_HEADER = YES;
				CLANG_WARN_RANGE_LOOP_ANALYSIS = YES;
				CLANG_WARN_STRICT_PROTOTYPES = YES;
				CLANG_WARN_SUSPICIOUS_MOVE = YES;
				CLANG_WARN_UNGUARDED_AVAILABILITY = YES_AGGRESSIVE;
				CLANG_WARN_UNREACHABLE_CODE = YES;
				CLANG_WARN__DUPLICATE_METHOD_MATCH = YES;
				COPY_PHASE_STRIP = NO;
				DEBUG_INFORMATION_FORMAT = "dwarf-with-dsym";
				ENABLE_NS_ASSERTIONS = NO;
				ENABLE_STRICT_OBJC_MSGSEND = YES;
				GCC_C_LANGUAGE_STANDARD = gnu11;
				GCC_NO_COMMON_BLOCKS = YES;
				GCC_WARN_64_TO_32_BIT_CONVERSION = YES;
				GCC_WARN_ABOUT_RETURN_TYPE = YES_ERROR;
				GCC_WARN_UNDECLARED_SELECTOR = YES;
				GCC_WARN_UNINITIALIZED_AUTOS = YES_AGGRESSIVE;
				GCC_WARN_UNUSED_FUNCTION = YES;
				GCC_WARN_UNUSED_VARIABLE = YES;
				MACOSX_DEPLOYMENT_TARGET = 11.1;
				MTL_ENABLE_DEBUG_INFO = NO;
				MTL_FAST_MATH = YES;
				SDKROOT = macosx;
			};
			name = Release;
		};
		CAC999742624BD4700ECE04F /* Debug */ = {
			isa = XCBuildConfiguration;
			buildSettings = {
				CODE_SIGN_STYLE = Automatic;
				DEVELOPMENT_TEAM = G7B77CDZP4;
				ENABLE_HARDENED_RUNTIME = YES;
				PRODUCT_NAME = "$(TARGET_NAME)";
			};
			name = Debug;
		};
		CAC999752624BD4700ECE04F /* Release */ = {
			isa = XCBuildConfiguration;
			buildSettings = {
				CODE_SIGN_STYLE = Automatic;
				DEVELOPMENT_TEAM = G7B77CDZP4;
				ENABLE_HARDENED_RUNTIME = YES;
				PRODUCT_NAME = "$(TARGET_NAME)";
			};
			name = Release;
		};
/* End XCBuildConfiguration section */

/* Begin XCConfigurationList section */
		CAC999672624BD4700ECE04F /* Build configuration list for PBXProject "CSC project" */ = {
			isa = XCConfigurationList;
			buildConfigurations = (
				CAC999712624BD4700ECE04F /* Debug */,
				CAC999722624BD4700ECE04F /* Release */,
			);
			defaultConfigurationIsVisible = 0;
			defaultConfigurationName = Release;
		};
		CAC999732624BD4700ECE04F /* Build configuration list for PBXNativeTarget "CSC project" */ = {
			isa = XCConfigurationList;
			buildConfigurations = (
				CAC999742624BD4700ECE04F /* Debug */,
				CAC999752624BD4700ECE04F /* Release */,
			);
			defaultConfigurationIsVisible = 0;
			defaultConfigurationName = Release;
		};
/* End XCConfigurationList section */
	};
	rootObject = CAC999642624BD4700ECE04F /* Project object */;
}
